<?xml version="1.0" encoding="utf-8"?>
<Project ToolsVersion="4.0" xmlns="http://schemas.microsoft.com/developer/msbuild/2003">
  <ItemGroup>
    <ClCompile Include="CoordinateMappingBasics.cpp">
      <Filter>原始程式檔</Filter>
    </ClCompile>
    <ClCompile Include="ImageRenderer.cpp">
      <Filter>原始程式檔</Filter>
    </ClCompile>
    <ClCompile Include="FootTracking\tracking.cpp">
      <Filter>原始程式檔</Filter>
    </ClCompile>
    <ClCompile Include="DrawImg\imgmap.cpp">
      <Filter>原始程式檔</Filter>
    </ClCompile>
    <ClCompile Include="DrawImg\glsetting.cpp">
      <Filter>原始程式檔</Filter>
    </ClCompile>
  </ItemGroup>
  <ItemGroup>
    <ClInclude Include="stdafx.h">
      <Filter>標頭檔</Filter>
    </ClInclude>
    <ClInclude Include="resource.h">
      <Filter>標頭檔</Filter>
    </ClInclude>
    <ClInclude Include="ImageRenderer.h">
      <Filter>標頭檔</Filter>
    </ClInclude>
    <ClInclude Include="FootTracking\tracking.h">
      <Filter>標頭檔</Filter>
    </ClInclude>
    <ClInclude Include="DrawImg\imgmap.h">
      <Filter>標頭檔</Filter>
    </ClInclude>
    <ClInclude Include="DrawImg\glsetting.h">
      <Filter>標頭檔</Filter>
    </ClInclude>
  </ItemGroup>
  <ItemGroup>
    <ResourceCompile Include="CoordinateMappingBasics.rc" />
  </ItemGroup>
  <ItemGroup>
    <Image Include="app.ico" />
  </ItemGroup>
  <ItemGroup>
    <Filter Include="原始程式檔">
      <UniqueIdentifier>{f3d8d60a-5ee6-4a82-8132-850f306f4255}</UniqueIdentifier>
    </Filter>
    <Filter Include="標頭檔">
      <UniqueIdentifier>{93630703-e09d-4168-a00a-b449b8743e05}</UniqueIdentifier>
    </Filter>
  </ItemGroup>
</Project>